{"version":4,"terraform_version":"1.10.7","serial":5,"lineage":"9e58bc38-5d25-968d-33e9-b94cb33475d1","outputs":{},"resources":[{"module":"module.state","mode":"managed","type":"aws_dynamodb_table","name":"tofu_locks","provider":"provider[\"registry.opentofu.org/hashicorp/aws\"]","instances":[{"schema_version":1,"attributes":{"arn":"arn:aws:dynamodb:us-east-2:750261420290:table/shoumanbucket","attribute":[{"name":"LockID","type":"S"}],"billing_mode":"PAY_PER_REQUEST","deletion_protection_enabled":false,"global_secondary_index":[],"global_table_witness":[],"hash_key":"LockID","id":"shoumanbucket","import_table":[],"local_secondary_index":[],"name":"shoumanbucket","on_demand_throughput":[],"point_in_time_recovery":[{"enabled":false,"recovery_period_in_days":0}],"range_key":null,"read_capacity":0,"region":"us-east-2","replica":[],"restore_date_time":null,"restore_source_name":null,"restore_source_table_arn":null,"restore_to_latest_time":null,"server_side_encryption":[],"stream_arn":"","stream_enabled":false,"stream_label":"","stream_view_type":"","table_class":"STANDARD","tags":{},"tags_all":{},"timeouts":null,"ttl":[{"attribute_name":"","enabled":false}],"warm_throughput":[],"write_capacity":0},"sensitive_attributes":[],"private":"eyJlMmJmYjczMC1lY2FhLTExZTYtOGY4OC0zNDM2M2JjN2M0YzAiOnsiY3JlYXRlIjoxODAwMDAwMDAwMDAwLCJkZWxldGUiOjYwMDAwMDAwMDAwMCwidXBkYXRlIjozNjAwMDAwMDAwMDAwfSwic2NoZW1hX3ZlcnNpb24iOiIxIn0="}]},{"module":"module.state","mode":"managed","type":"aws_s3_bucket","name":"tofu_state","provider":"provider[\"registry.opentofu.org/hashicorp/aws\"]","instances":[{"schema_version":0,"attributes":{"acceleration_status":"","acl":null,"arn":"arn:aws:s3:::shoumanbucket","bucket":"shoumanbucket","bucket_domain_name":"shoumanbucket.s3.amazonaws.com","bucket_prefix":"","bucket_region":"us-east-2","bucket_regional_domain_name":"shoumanbucket.s3.us-east-2.amazonaws.com","cors_rule":[],"force_destroy":true,"grant":[{"id":"0b5901681d25e76978fd3765e522ec89f63db4fa44c5f142e83b59b2ff545644","permissions":["FULL_CONTROL"],"type":"CanonicalUser","uri":""}],"hosted_zone_id":"Z2O1EMRO9K5GLX","id":"shoumanbucket","lifecycle_rule":[],"logging":[],"object_lock_configuration":[],"object_lock_enabled":false,"policy":"","region":"us-east-2","replication_configuration":[],"request_payer":"BucketOwner","server_side_encryption_configuration":[{"rule":[{"apply_server_side_encryption_by_default":[{"kms_master_key_id":"","sse_algorithm":"AES256"}],"bucket_key_enabled":false}]}],"tags":{},"tags_all":{},"timeouts":null,"versioning":[{"enabled":true,"mfa_delete":false}],"website":[],"website_domain":null,"website_endpoint":null},"sensitive_attributes":[],"private":"eyJlMmJmYjczMC1lY2FhLTExZTYtOGY4OC0zNDM2M2JjN2M0YzAiOnsiY3JlYXRlIjoxMjAwMDAwMDAwMDAwLCJkZWxldGUiOjM2MDAwMDAwMDAwMDAsInJlYWQiOjEyMDAwMDAwMDAwMDAsInVwZGF0ZSI6MTIwMDAwMDAwMDAwMH19"}]},{"module":"module.state","mode":"managed","type":"aws_s3_bucket_public_access_block","name":"public_access","provider":"provider[\"registry.opentofu.org/hashicorp/aws\"]","instances":[{"schema_version":0,"attributes":{"block_public_acls":true,"block_public_policy":true,"bucket":"shoumanbucket","id":"shoumanbucket","ignore_public_acls":true,"region":"us-east-2","restrict_public_buckets":true,"skip_destroy":null},"sensitive_attributes":[],"private":"bnVsbA==","dependencies":["module.state.aws_s3_bucket.tofu_state"]}]},{"module":"module.state","mode":"managed","type":"aws_s3_bucket_server_side_encryption_configuration","name":"default","provider":"provider[\"registry.opentofu.org/hashicorp/aws\"]","instances":[{"schema_version":0,"attributes":{"bucket":"shoumanbucket","expected_bucket_owner":"","id":"shoumanbucket","region":"us-east-2","rule":[{"apply_server_side_encryption_by_default":[{"kms_master_key_id":"","sse_algorithm":"AES256"}],"blocked_encryption_types":[],"bucket_key_enabled":false}]},"sensitive_attributes":[],"private":"bnVsbA==","dependencies":["module.state.aws_s3_bucket.tofu_state"]}]},{"module":"module.state","mode":"managed","type":"aws_s3_bucket_versioning","name":"enabled","provider":"provider[\"registry.opentofu.org/hashicorp/aws\"]","instances":[{"schema_version":0,"attributes":{"bucket":"shoumanbucket","expected_bucket_owner":"","id":"shoumanbucket","mfa":null,"region":"us-east-2","versioning_configuration":[{"mfa_delete":"","status":"Enabled"}]},"sensitive_attributes":[],"private":"bnVsbA==","dependencies":["module.state.aws_s3_bucket.tofu_state"]}]}],"check_results":null}
